
Microsoft Visual Studio Solution File, Format Version 12.00
# Visual Studio Version 17
VisualStudioVersion = 17.14.36623.8 d17.14
MinimumVisualStudioVersion = 10.0.40219.1
Project("{FAE04EC0-301F-11D3-BF4B-00C04F79EFBC}") = "SendCheck472", "SendCheck472\SendCheck472.csproj", "{6DFF4E22-8E78-41DB-B1E4-9EBC32A25178}"
EndProject
Project("{FAE04EC0-301F-11D3-BF4B-00C04F79EFBC}") = "SendCheck", "SendCheck\SendCheck.csproj", "{6E3679CE-ACDB-4E2D-95B0-6D970B812AF1}"
EndProject
Project("{FAE04EC0-301F-11D3-BF4B-00C04F79EFBC}") = "ReInitializeDatabase", "ReInitializeDatabase\ReInitializeDatabase.csproj", "{628ADD63-F14D-486A-ABB5-D474DE3ED49A}"
EndProject
Global
	GlobalSection(SolutionConfigurationPlatforms) = preSolution
		Debug|Any CPU = Debug|Any CPU
		Release|Any CPU = Release|Any CPU
	EndGlobalSection
	GlobalSection(ProjectConfigurationPlatforms) = postSolution
		{6DFF4E22-8E78-41DB-B1E4-9EBC32A25178}.Debug|Any CPU.ActiveCfg = Debug|Any CPU
		{6DFF4E22-8E78-41DB-B1E4-9EBC32A25178}.Debug|Any CPU.Build.0 = Debug|Any CPU
		{6DFF4E22-8E78-41DB-B1E4-9EBC32A25178}.Release|Any CPU.ActiveCfg = Release|Any CPU
		{6DFF4E22-8E78-41DB-B1E4-9EBC32A25178}.Release|Any CPU.Build.0 = Release|Any CPU
		{6E3679CE-ACDB-4E2D-95B0-6D970B812AF1}.Debug|Any CPU.ActiveCfg = Debug|Any CPU
		{6E3679CE-ACDB-4E2D-95B0-6D970B812AF1}.Debug|Any CPU.Build.0 = Debug|Any CPU
		{6E3679CE-ACDB-4E2D-95B0-6D970B812AF1}.Release|Any CPU.ActiveCfg = Release|Any CPU
		{6E3679CE-ACDB-4E2D-95B0-6D970B812AF1}.Release|Any CPU.Build.0 = Release|Any CPU
		{628ADD63-F14D-486A-ABB5-D474DE3ED49A}.Debug|Any CPU.ActiveCfg = Debug|Any CPU
		{628ADD63-F14D-486A-ABB5-D474DE3ED49A}.Debug|Any CPU.Build.0 = Debug|Any CPU
		{628ADD63-F14D-486A-ABB5-D474DE3ED49A}.Release|Any CPU.ActiveCfg = Release|Any CPU
		{628ADD63-F14D-486A-ABB5-D474DE3ED49A}.Release|Any CPU.Build.0 = Release|Any CPU
	EndGlobalSection
	GlobalSection(SolutionProperties) = preSolution
		HideSolutionNode = FALSE
	EndGlobalSection
	GlobalSection(ExtensibilityGlobals) = postSolution
		SolutionGuid = {E80FF8A5-0066-4FB0-8947-5C6575A38BEC}
	EndGlobalSection
EndGlobal
